
Microsoft Visual Studio Solution File, Format Version 12.00
# Visual Studio 15
VisualStudioVersion = 15.0.27130.2024
MinimumVisualStudioVersion = 10.0.40219.1
Project("{FAE04EC0-301F-11D3-BF4B-00C04F79EFBC}") = "Aula01", "Aula01\Aula01.csproj", "{CEA2C3D6-4B4F-4F77-892D-FF133C841D2C}"
EndProject
Project("{FAE04EC0-301F-11D3-BF4B-00C04F79EFBC}") = "Aula03", "Aula03\Aula03.csproj", "{DBDC6B84-E5DA-4174-9569-234E37B0981D}"
EndProject
Project("{FAE04EC0-301F-11D3-BF4B-00C04F79EFBC}") = "Aula04", "Aula04\Aula04.csproj", "{F5B72796-E873-4EB7-BD12-9FDCED6C0524}"
EndProject
Project("{FAE04EC0-301F-11D3-BF4B-00C04F79EFBC}") = "Aula05", "Aula05\Aula05.csproj", "{CE40320D-14DF-4049-8AAD-346D268BE79A}"
EndProject
Project("{FAE04EC0-301F-11D3-BF4B-00C04F79EFBC}") = "Aula06", "Aula06\Aula06.csproj", "{C0055080-0B5E-4194-8701-E9203FF0506D}"
EndProject
Project("{2150E333-8FDC-42A3-9474-1A3956D46DE8}") = "Solution Items", "Solution Items", "{6F1D704D-8A21-49F0-B2FA-4D732AAFDCA8}"
	ProjectSection(SolutionItems) = preProject
		ComoUsarMigration.txt = ComoUsarMigration.txt
	EndProjectSection
EndProject
Global
	GlobalSection(SolutionConfigurationPlatforms) = preSolution
		Debug|Any CPU = Debug|Any CPU
		Release|Any CPU = Release|Any CPU
	EndGlobalSection
	GlobalSection(ProjectConfigurationPlatforms) = postSolution
		{CEA2C3D6-4B4F-4F77-892D-FF133C841D2C}.Debug|Any CPU.ActiveCfg = Debug|Any CPU
		{CEA2C3D6-4B4F-4F77-892D-FF133C841D2C}.Debug|Any CPU.Build.0 = Debug|Any CPU
		{CEA2C3D6-4B4F-4F77-892D-FF133C841D2C}.Release|Any CPU.ActiveCfg = Release|Any CPU
		{CEA2C3D6-4B4F-4F77-892D-FF133C841D2C}.Release|Any CPU.Build.0 = Release|Any CPU
		{DBDC6B84-E5DA-4174-9569-234E37B0981D}.Debug|Any CPU.ActiveCfg = Debug|Any CPU
		{DBDC6B84-E5DA-4174-9569-234E37B0981D}.Debug|Any CPU.Build.0 = Debug|Any CPU
		{DBDC6B84-E5DA-4174-9569-234E37B0981D}.Release|Any CPU.ActiveCfg = Release|Any CPU
		{DBDC6B84-E5DA-4174-9569-234E37B0981D}.Release|Any CPU.Build.0 = Release|Any CPU
		{F5B72796-E873-4EB7-BD12-9FDCED6C0524}.Debug|Any CPU.ActiveCfg = Debug|Any CPU
		{F5B72796-E873-4EB7-BD12-9FDCED6C0524}.Debug|Any CPU.Build.0 = Debug|Any CPU
		{F5B72796-E873-4EB7-BD12-9FDCED6C0524}.Release|Any CPU.ActiveCfg = Release|Any CPU
		{F5B72796-E873-4EB7-BD12-9FDCED6C0524}.Release|Any CPU.Build.0 = Release|Any CPU
		{CE40320D-14DF-4049-8AAD-346D268BE79A}.Debug|Any CPU.ActiveCfg = Debug|Any CPU
		{CE40320D-14DF-4049-8AAD-346D268BE79A}.Debug|Any CPU.Build.0 = Debug|Any CPU
		{CE40320D-14DF-4049-8AAD-346D268BE79A}.Release|Any CPU.ActiveCfg = Release|Any CPU
		{CE40320D-14DF-4049-8AAD-346D268BE79A}.Release|Any CPU.Build.0 = Release|Any CPU
		{C0055080-0B5E-4194-8701-E9203FF0506D}.Debug|Any CPU.ActiveCfg = Debug|Any CPU
		{C0055080-0B5E-4194-8701-E9203FF0506D}.Debug|Any CPU.Build.0 = Debug|Any CPU
		{C0055080-0B5E-4194-8701-E9203FF0506D}.Release|Any CPU.ActiveCfg = Release|Any CPU
		{C0055080-0B5E-4194-8701-E9203FF0506D}.Release|Any CPU.Build.0 = Release|Any CPU
	EndGlobalSection
	GlobalSection(SolutionProperties) = preSolution
		HideSolutionNode = FALSE
	EndGlobalSection
	GlobalSection(ExtensibilityGlobals) = postSolution
		SolutionGuid = {89007D34-14DA-4B41-B5DA-9CEA0B12C986}
	EndGlobalSection
EndGlobal
